
Microsoft Visual Studio Solution File, Format Version 12.00
# Visual Studio Version 17
VisualStudioVersion = 17.9.34723.18
MinimumVisualStudioVersion = 10.0.40219.1
Project("{FAE04EC0-301F-11D3-BF4B-00C04F79EFBC}") = "OP1", "OP1\OP1.csproj", "{B731A0C1-37BC-4111-976F-96ECBBF089FB}"
EndProject
Global
	GlobalSection(SolutionConfigurationPlatforms) = preSolution
		Debug|Any CPU = Debug|Any CPU
		Release|Any CPU = Release|Any CPU
	EndGlobalSection
	GlobalSection(ProjectConfigurationPlatforms) = postSolution
		{B731A0C1-37BC-4111-976F-96ECBBF089FB}.Debug|Any CPU.ActiveCfg = Debug|Any CPU
		{B731A0C1-37BC-4111-976F-96ECBBF089FB}.Debug|Any CPU.Build.0 = Debug|Any CPU
		{B731A0C1-37BC-4111-976F-96ECBBF089FB}.Release|Any CPU.ActiveCfg = Release|Any CPU
		{B731A0C1-37BC-4111-976F-96ECBBF089FB}.Release|Any CPU.Build.0 = Release|Any CPU
	EndGlobalSection
	GlobalSection(SolutionProperties) = preSolution
		HideSolutionNode = FALSE
	EndGlobalSection
	GlobalSection(ExtensibilityGlobals) = postSolution
		SolutionGuid = {5A73DCFE-5884-4134-91F6-E61270684E65}
	EndGlobalSection
EndGlobal
